PODS:
  - connectivity_plus (0.0.1):
    - Flutter
    - ReachabilitySwift
  - Flutter (1.0.0)
  - flutter_barcode_scanner (2.0.0):
    - Flutter
  - google_maps_flutter_ios (0.0.1):
    - Flutter
    - GoogleMaps
  - GoogleMaps (5.2.0):
    - GoogleMaps/Maps (= 5.2.0)
  - GoogleMaps/Base (5.2.0)
  - GoogleMaps/Maps (5.2.0):
    - GoogleMaps/Base
  - images_picker (0.0.1):
    - Flutter
    - ZLPhotoBrowser (= 4.2.5)
  - ReachabilitySwift (5.0.0)
  - scan (0.0.1):
    - Flutter
  - shared_preferences_ios (0.0.1):
    - Flutter
  - ZLPhotoBrowser (4.2.5):
    - ZLPhotoBrowser/Core (= 4.2.5)
  - ZLPhotoBrowser/Core (4.2.5)

DEPENDENCIES:
  - connectivity_plus (from `.symlinks/plugins/connectivity_plus/ios`)
  - Flutter (from `Flutter`)
  - flutter_barcode_scanner (from `.symlinks/plugins/flutter_barcode_scanner/ios`)
  - google_maps_flutter_ios (from `.symlinks/plugins/google_maps_flutter_ios/ios`)
  - images_picker (from `.symlinks/plugins/images_picker/ios`)
  - scan (from `.symlinks/plugins/scan/ios`)
  - shared_preferences_ios (from `.symlinks/plugins/shared_preferences_ios/ios`)

SPEC REPOS:
  trunk:
    - GoogleMaps
    - ReachabilitySwift
    - ZLPhotoBrowser

EXTERNAL SOURCES:
  connectivity_plus:
    :path: ".symlinks/plugins/connectivity_plus/ios"
  Flutter:
    :path: Flutter
  flutter_barcode_scanner:
    :path: ".symlinks/plugins/flutter_barcode_scanner/ios"
  google_maps_flutter_ios:
    :path: ".symlinks/plugins/google_maps_flutter_ios/ios"
  images_picker:
    :path: ".symlinks/plugins/images_picker/ios"
  scan:
    :path: ".symlinks/plugins/scan/ios"
  shared_preferences_ios:
    :path: ".symlinks/plugins/shared_preferences_ios/ios"

SPEC CHECKSUMS:
  connectivity_plus: 413a8857dd5d9f1c399a39130850d02fe0feaf7e
  Flutter: f04841e97a9d0b0a8025694d0796dd46242b2854
  flutter_barcode_scanner: 7a1144744c28dc0c57a8de7218ffe5ec59a9e4bf
  google_maps_flutter_ios: 66201f392bf62d500f07670a30488a247b9bb5b9
  GoogleMaps: 025272d5876d3b32604e5c080dc25eaf68764693
  images_picker: fa9364e3a7d3083c49f865fcfb2b9e7cdc574d3a
  ReachabilitySwift: 985039c6f7b23a1da463388634119492ff86c825
  scan: aea35bb4aa59ccc8839c576a18cd57c7d492cc86
  shared_preferences_ios: 548a61f8053b9b8a49ac19c1ffbc8b92c50d68ad
  ZLPhotoBrowser: 4bfab86b851042e18d7f413284472aa68759626a

PODFILE CHECKSUM: cc1f88378b4bfcf93a6ce00d2c587857c6008d3b

COCOAPODS: 1.11.3
